github.com/johto/notifyutils v0.0.0-20150615093830-a8b71d70b60f h1:7LZQX2gksjuD9dGVs+jw6ScKLqERDmpFqtQJygHsRF0=
github.com/johto/notifyutils v0.0.0-20150615093830-a8b71d70b60f/go.mod h1:KaujEZhoyyjG7nLRC4jKTGiFk/7146VkDs8HY0o5y+I=
github.com/lib/pq v1.11.2 h1:x6gxUeu39V0BHZiugWe8LXZYZ+Utk7hSJGThs8sdzfs=
github.com/lib/pq v1.11.2/go.mod h1:/p+8NSbOcwzAEI7wiMXFlgydTwcgTr3OSKMsD2BitpA=
github.com/uhoh-itsmaciek/femebe v0.0.0-20150705092910-78f00f2ef7b4 h1:ZXHfDGAbPxDUHnrdCjG0pcdS0MZ4ia7yIgJ/3eRGHsQ=
github.com/uhoh-itsmaciek/femebe v0.0.0-20150705092910-78f00f2ef7b4/go.mod h1:QrMsr+lgO2K1sLsRYsl/zoQ8595mKqTEm+5V0LmIvRQ=
